
Microsoft Visual Studio Solution File, Format Version 12.00
# Visual Studio Version 17
VisualStudioVersion = 17.9.34723.18
MinimumVisualStudioVersion = 10.0.40219.1
Project("{FAE04EC0-301F-11D3-BF4B-00C04F79EFBC}") = "EncDecPOC", "EncDecPOC\EncDecPOC.csproj", "{D78CA002-8FB8-4ADE-BEAC-F800207D70F1}"
EndProject
Global
	GlobalSection(SolutionConfigurationPlatforms) = preSolution
		Debug|Any CPU = Debug|Any CPU
		Release|Any CPU = Release|Any CPU
	EndGlobalSection
	GlobalSection(ProjectConfigurationPlatforms) = postSolution
		{D78CA002-8FB8-4ADE-BEAC-F800207D70F1}.Debug|Any CPU.ActiveCfg = Debug|Any CPU
		{D78CA002-8FB8-4ADE-BEAC-F800207D70F1}.Debug|Any CPU.Build.0 = Debug|Any CPU
		{D78CA002-8FB8-4ADE-BEAC-F800207D70F1}.Release|Any CPU.ActiveCfg = Release|Any CPU
		{D78CA002-8FB8-4ADE-BEAC-F800207D70F1}.Release|Any CPU.Build.0 = Release|Any CPU
	EndGlobalSection
	GlobalSection(SolutionProperties) = preSolution
		HideSolutionNode = FALSE
	EndGlobalSection
	GlobalSection(ExtensibilityGlobals) = postSolution
		SolutionGuid = {86242FCB-7349-434A-98AB-B6BB2B5B72C7}
	EndGlobalSection
EndGlobal
